// !$*UTF8*$!
{
	archiveVersion = 1;
	classes = {
	};
	objectVersion = 46;
	objects = {

/* Begin PBXBuildFile section */
		18EEDB271FF13C37003158EE /* main.m in Sources */ = {isa = PBXBuildFile; fileRef = 18EEDB261FF13C37003158EE /* main.m */; };
		18EEDB2A1FF13C37003158EE /* AppDelegate.m in Sources */ = {isa = PBXBuildFile; fileRef = 18EEDB291FF13C37003158EE /* AppDelegate.m */; };
		18EEDB2D1FF13C37003158EE /* ViewController.m in Sources */ = {isa = PBXBuildFile; fileRef = 18EEDB2C1FF13C37003158EE /* ViewController.m */; };
		18EEDB301FF13C37003158EE /* Main.storyboard in Resources */ = {isa = PBXBuildFile; fileRef = 18EEDB2E1FF13C37003158EE /* Main.storyboard */; };
		18EEDB321FF13C37003158EE /* Assets.xcassets in Resources */ = {isa = PBXBuildFile; fileRef = 18EEDB311FF13C37003158EE /* Assets.xcassets */; };
		18EEDB351FF13C37003158EE /* LaunchScreen.storyboard in Resources */ = {isa = PBXBuildFile; fileRef = 18EEDB331FF13C37003158EE /* LaunchScreen.storyboard */; };
		18F63FC11FF20E4700585C97 /* NSDateFormatter+STTwitter.m in Sources */ = {isa = PBXBuildFile; fileRef = 18F63FA21FF20E4700585C97 /* NSDateFormatter+STTwitter.m */; };
		18F63FC21FF20E4700585C97 /* NSError+STTwitter.m in Sources */ = {isa = PBXBuildFile; fileRef = 18F63FA41FF20E4700585C97 /* NSError+STTwitter.m */; };
		18F63FC31FF20E4700585C97 /* NSString+STTwitter.m in Sources */ = {isa = PBXBuildFile; fileRef = 18F63FA61FF20E4700585C97 /* NSString+STTwitter.m */; };
		18F63FC41FF20E4700585C97 /* STHTTPRequest+STTwitter.m in Sources */ = {isa = PBXBuildFile; fileRef = 18F63FA81FF20E4700585C97 /* STHTTPRequest+STTwitter.m */; };
		18F63FC51FF20E4700585C97 /* STTwitterAPI.m in Sources */ = {isa = PBXBuildFile; fileRef = 18F63FAB1FF20E4700585C97 /* STTwitterAPI.m */; };
		18F63FC61FF20E4700585C97 /* STTwitterAppOnly.m in Sources */ = {isa = PBXBuildFile; fileRef = 18F63FAD1FF20E4700585C97 /* STTwitterAppOnly.m */; };
		18F63FC71FF20E4700585C97 /* STTwitterHTML.m in Sources */ = {isa = PBXBuildFile; fileRef = 18F63FAF1FF20E4700585C97 /* STTwitterHTML.m */; };
		18F63FC81FF20E4700585C97 /* STTwitterOAuth.m in Sources */ = {isa = PBXBuildFile; fileRef = 18F63FB11FF20E4700585C97 /* STTwitterOAuth.m */; };
		18F63FC91FF20E4700585C97 /* STTwitterOS.m in Sources */ = {isa = PBXBuildFile; fileRef = 18F63FB31FF20E4700585C97 /* STTwitterOS.m */; };
		18F63FCA1FF20E4700585C97 /* STTwitterOSRequest.m in Sources */ = {isa = PBXBuildFile; fileRef = 18F63FB51FF20E4700585C97 /* STTwitterOSRequest.m */; };
		18F63FCB1FF20E4700585C97 /* STTwitterStreamParser.m in Sources */ = {isa = PBXBuildFile; fileRef = 18F63FB91FF20E4700585C97 /* STTwitterStreamParser.m */; };
		18F63FCC1FF20E4700585C97 /* BAVPlistNode.m in Sources */ = {isa = PBXBuildFile; fileRef = 18F63FBC1FF20E4700585C97 /* BAVPlistNode.m */; };
		18F63FCD1FF20E4700585C97 /* JSONSyntaxHighlight.m in Sources */ = {isa = PBXBuildFile; fileRef = 18F63FBE1FF20E4700585C97 /* JSONSyntaxHighlight.m */; };
		18F63FCE1FF20E4700585C97 /* STHTTPRequest.m in Sources */ = {isa = PBXBuildFile; fileRef = 18F63FC01FF20E4700585C97 /* STHTTPRequest.m */; };
		18F63FE91FF25AFA00585C97 /* WebViewVC.m in Sources */ = {isa = PBXBuildFile; fileRef = 18F63FE81FF25AFA00585C97 /* WebViewVC.m */; };
/* End PBXBuildFile section */

/* Begin PBXFileReference section */
		18EEDB221FF13C37003158EE /* TwitterTest.app */ = {isa = PBXFileReference; explicitFileType = wrapper.application; includeInIndex = 0; path = TwitterTest.app; sourceTree = BUILT_PRODUCTS_DIR; };
		18EEDB261FF13C37003158EE /* main.m */ = {isa = PBXFileReference; lastKnownFileType = sourcecode.c.objc; path = main.m; sourceTree = "<group>"; };
		18EEDB281FF13C37003158EE /* AppDelegate.h */ = {isa = PBXFileReference; lastKnownFileType = sourcecode.c.h; path = AppDelegate.h; sourceTree = "<group>"; };
		18EEDB291FF13C37003158EE /* AppDelegate.m */ = {isa = PBXFileReference; lastKnownFileType = sourcecode.c.objc; path = AppDelegate.m; sourceTree = "<group>"; };
		18EEDB2B1FF13C37003158EE /* ViewController.h */ = {isa = PBXFileReference; lastKnownFileType = sourcecode.c.h; path = ViewController.h; sourceTree = "<group>"; };
		18EEDB2C1FF13C37003158EE /* ViewController.m */ = {isa = PBXFileReference; lastKnownFileType = sourcecode.c.objc; path = ViewController.m; sourceTree = "<group>"; };
		18EEDB2F1FF13C37003158EE /* Base */ = {isa = PBXFileReference; lastKnownFileType = file.storyboard; name = Base; path = Base.lproj/Main.storyboard; sourceTree = "<group>"; };
		18EEDB311FF13C37003158EE /* Assets.xcassets */ = {isa = PBXFileReference; lastKnownFileType = folder.assetcatalog; path = Assets.xcassets; sourceTree = "<group>"; };
		18EEDB341FF13C37003158EE /* Base */ = {isa = PBXFileReference; lastKnownFileType = file.storyboard; name = Base; path = Base.lproj/LaunchScreen.storyboard; sourceTree = "<group>"; };
		18EEDB361FF13C37003158EE /* Info.plist */ = {isa = PBXFileReference; lastKnownFileType = text.plist.xml; path = Info.plist; sourceTree = "<group>"; };
		18F63FA11FF20E4700585C97 /* NSDateFormatter+STTwitter.h */ = {isa = PBXFileReference; fileEncoding = 4; lastKnownFileType = sourcecode.c.h; path = "NSDateFormatter+STTwitter.h"; sourceTree = "<group>"; };
		18F63FA21FF20E4700585C97 /* NSDateFormatter+STTwitter.m */ = {isa = PBXFileReference; fileEncoding = 4; lastKnownFileType = sourcecode.c.objc; path = "NSDateFormatter+STTwitter.m"; sourceTree = "<group>"; };
		18F63FA31FF20E4700585C97 /* NSError+STTwitter.h */ = {isa = PBXFileReference; fileEncoding = 4; lastKnownFileType = sourcecode.c.h; path = "NSError+STTwitter.h"; sourceTree = "<group>"; };
		18F63FA41FF20E4700585C97 /* NSError+STTwitter.m */ = {isa = PBXFileReference; fileEncoding = 4; lastKnownFileType = sourcecode.c.objc; path = "NSError+STTwitter.m"; sourceTree = "<group>"; };
		18F63FA51FF20E4700585C97 /* NSString+STTwitter.h */ = {isa = PBXFileReference; fileEncoding = 4; lastKnownFileType = sourcecode.c.h; path = "NSString+STTwitter.h"; sourceTree = "<group>"; };
		18F63FA61FF20E4700585C97 /* NSString+STTwitter.m */ = {isa = PBXFileReference; fileEncoding = 4; lastKnownFileType = sourcecode.c.objc; path = "NSString+STTwitter.m"; sourceTree = "<group>"; };
		18F63FA71FF20E4700585C97 /* STHTTPRequest+STTwitter.h */ = {isa = PBXFileReference; fileEncoding = 4; lastKnownFileType = sourcecode.c.h; path = "STHTTPRequest+STTwitter.h"; sourceTree = "<group>"; };
		18F63FA81FF20E4700585C97 /* STHTTPRequest+STTwitter.m */ = {isa = PBXFileReference; fileEncoding = 4; lastKnownFileType = sourcecode.c.objc; path = "STHTTPRequest+STTwitter.m"; sourceTree = "<group>"; };
		18F63FA91FF20E4700585C97 /* STTwitter.h */ = {isa = PBXFileReference; fileEncoding = 4; lastKnownFileType = sourcecode.c.h; path = STTwitter.h; sourceTree = "<group>"; };
		18F63FAA1FF20E4700585C97 /* STTwitterAPI.h */ = {isa = PBXFileReference; fileEncoding = 4; lastKnownFileType = sourcecode.c.h; path = STTwitterAPI.h; sourceTree = "<group>"; };
		18F63FAB1FF20E4700585C97 /* STTwitterAPI.m */ = {isa = PBXFileReference; fileEncoding = 4; lastKnownFileType = sourcecode.c.objc; path = STTwitterAPI.m; sourceTree = "<group>"; };
		18F63FAC1FF20E4700585C97 /* STTwitterAppOnly.h */ = {isa = PBXFileReference; fileEncoding = 4; lastKnownFileType = sourcecode.c.h; path = STTwitterAppOnly.h; sourceTree = "<group>"; };
		18F63FAD1FF20E4700585C97 /* STTwitterAppOnly.m */ = {isa = PBXFileReference; fileEncoding = 4; lastKnownFileType = sourcecode.c.objc; path = STTwitterAppOnly.m; sourceTree = "<group>"; };
		18F63FAE1FF20E4700585C97 /* STTwitterHTML.h */ = {isa = PBXFileReference; fileEncoding = 4; lastKnownFileType = sourcecode.c.h; path = STTwitterHTML.h; sourceTree = "<group>"; };
		18F63FAF1FF20E4700585C97 /* STTwitterHTML.m */ = {isa = PBXFileReference; fileEncoding = 4; lastKnownFileType = sourcecode.c.objc; path = STTwitterHTML.m; sourceTree = "<group>"; };
		18F63FB01FF20E4700585C97 /* STTwitterOAuth.h */ = {isa = PBXFileReference; fileEncoding = 4; lastKnownFileType = sourcecode.c.h; path = STTwitterOAuth.h; sourceTree = "<group>"; };
		18F63FB11FF20E4700585C97 /* STTwitterOAuth.m */ = {isa = PBXFileReference; fileEncoding = 4; lastKnownFileType = sourcecode.c.objc; path = STTwitterOAuth.m; sourceTree = "<group>"; };
		18F63FB21FF20E4700585C97 /* STTwitterOS.h */ = {isa = PBXFileReference; fileEncoding = 4; lastKnownFileType = sourcecode.c.h; path = STTwitterOS.h; sourceTree = "<group>"; };
		18F63FB31FF20E4700585C97 /* STTwitterOS.m */ = {isa = PBXFileReference; fileEncoding = 4; lastKnownFileType = sourcecode.c.objc; path = STTwitterOS.m; sourceTree = "<group>"; };
		18F63FB41FF20E4700585C97 /* STTwitterOSRequest.h */ = {isa = PBXFileReference; fileEncoding = 4; lastKnownFileType = sourcecode.c.h; path = STTwitterOSRequest.h; sourceTree = "<group>"; };
		18F63FB51FF20E4700585C97 /* STTwitterOSRequest.m */ = {isa = PBXFileReference; fileEncoding = 4; lastKnownFileType = sourcecode.c.objc; path = STTwitterOSRequest.m; sourceTree = "<group>"; };
		18F63FB61FF20E4700585C97 /* STTwitterProtocol.h */ = {isa = PBXFileReference; fileEncoding = 4; lastKnownFileType = sourcecode.c.h; path = STTwitterProtocol.h; sourceTree = "<group>"; };
		18F63FB71FF20E4700585C97 /* STTwitterRequestProtocol.h */ = {isa = PBXFileReference; fileEncoding = 4; lastKnownFileType = sourcecode.c.h; path = STTwitterRequestProtocol.h; sourceTree = "<group>"; };
		18F63FB81FF20E4700585C97 /* STTwitterStreamParser.h */ = {isa = PBXFileReference; fileEncoding = 4; lastKnownFileType = sourcecode.c.h; path = STTwitterStreamParser.h; sourceTree = "<group>"; };
		18F63FB91FF20E4700585C97 /* STTwitterStreamParser.m */ = {isa = PBXFileReference; fileEncoding = 4; lastKnownFileType = sourcecode.c.objc; path = STTwitterStreamParser.m; sourceTree = "<group>"; };
		18F63FBB1FF20E4700585C97 /* BAVPlistNode.h */ = {isa = PBXFileReference; fileEncoding = 4; lastKnownFileType = sourcecode.c.h; path = BAVPlistNode.h; sourceTree = "<group>"; };
		18F63FBC1FF20E4700585C97 /* BAVPlistNode.m */ = {isa = PBXFileReference; fileEncoding = 4; lastKnownFileType = sourcecode.c.objc; path = BAVPlistNode.m; sourceTree = "<group>"; };
		18F63FBD1FF20E4700585C97 /* JSONSyntaxHighlight.h */ = {isa = PBXFileReference; fileEncoding = 4; lastKnownFileType = sourcecode.c.h; path = JSONSyntaxHighlight.h; sourceTree = "<group>"; };
		18F63FBE1FF20E4700585C97 /* JSONSyntaxHighlight.m */ = {isa = PBXFileReference; fileEncoding = 4; lastKnownFileType = sourcecode.c.objc; path = JSONSyntaxHighlight.m; sourceTree = "<group>"; };
		18F63FBF1FF20E4700585C97 /* STHTTPRequest.h */ = {isa = PBXFileReference; fileEncoding = 4; lastKnownFileType = sourcecode.c.h; path = STHTTPRequest.h; sourceTree = "<group>"; };
		18F63FC01FF20E4700585C97 /* STHTTPRequest.m */ = {isa = PBXFileReference; fileEncoding = 4; lastKnownFileType = sourcecode.c.objc; path = STHTTPRequest.m; sourceTree = "<group>"; };
		18F63FE71FF25AFA00585C97 /* WebViewVC.h */ = {isa = PBXFileReference; fileEncoding = 4; lastKnownFileType = sourcecode.c.h; path = WebViewVC.h; sourceTree = "<group>"; };
		18F63FE81FF25AFA00585C97 /* WebViewVC.m */ = {isa = PBXFileReference; fileEncoding = 4; lastKnownFileType = sourcecode.c.objc; path = WebViewVC.m; sourceTree = "<group>"; };
/* End PBXFileReference section */

/* Begin PBXFrameworksBuildPhase section */
		18EEDB1F1FF13C37003158EE /* Frameworks */ = {
			isa = PBXFrameworksBuildPhase;
			buildActionMask = 2147483647;
			files = (
			);
			runOnlyForDeploymentPostprocessing = 0;
		};
/* End PBXFrameworksBuildPhase section */

/* Begin PBXGroup section */
		18EEDB191FF13C37003158EE = {
			isa = PBXGroup;
			children = (
				18F63FA01FF20E4700585C97 /* STTwitter */,
				18EEDB241FF13C37003158EE /* TwitterTest */,
				18EEDB231FF13C37003158EE /* Products */,
				18EEDB3C1FF1441F003158EE /* Frameworks */,
			);
			sourceTree = "<group>";
		};
		18EEDB231FF13C37003158EE /* Products */ = {
			isa = PBXGroup;
			children = (
				18EEDB221FF13C37003158EE /* TwitterTest.app */,
			);
			name = Products;
			sourceTree = "<group>";
		};
		18EEDB241FF13C37003158EE /* TwitterTest */ = {
			isa = PBXGroup;
			children = (
				18EEDB281FF13C37003158EE /* AppDelegate.h */,
				18EEDB291FF13C37003158EE /* AppDelegate.m */,
				18EEDB2B1FF13C37003158EE /* ViewController.h */,
				18EEDB2C1FF13C37003158EE /* ViewController.m */,
				18F63FE71FF25AFA00585C97 /* WebViewVC.h */,
				18F63FE81FF25AFA00585C97 /* WebViewVC.m */,
				18EEDB2E1FF13C37003158EE /* Main.storyboard */,
				18EEDB311FF13C37003158EE /* Assets.xcassets */,
				18EEDB331FF13C37003158EE /* LaunchScreen.storyboard */,
				18EEDB361FF13C37003158EE /* Info.plist */,
				18EEDB251FF13C37003158EE /* Supporting Files */,
			);
			path = TwitterTest;
			sourceTree = "<group>";
		};
		18EEDB251FF13C37003158EE /* Supporting Files */ = {
			isa = PBXGroup;
			children = (
				18EEDB261FF13C37003158EE /* main.m */,
			);
			name = "Supporting Files";
			sourceTree = "<group>";
		};
		18EEDB3C1FF1441F003158EE /* Frameworks */ = {
			isa = PBXGroup;
			children = (
			);
			name = Frameworks;
			sourceTree = "<group>";
		};
		18F63FA01FF20E4700585C97 /* STTwitter */ = {
			isa = PBXGroup;
			children = (
				18F63FA11FF20E4700585C97 /* NSDateFormatter+STTwitter.h */,
				18F63FA21FF20E4700585C97 /* NSDateFormatter+STTwitter.m */,
				18F63FA31FF20E4700585C97 /* NSError+STTwitter.h */,
				18F63FA41FF20E4700585C97 /* NSError+STTwitter.m */,
				18F63FA51FF20E4700585C97 /* NSString+STTwitter.h */,
				18F63FA61FF20E4700585C97 /* NSString+STTwitter.m */,
				18F63FA71FF20E4700585C97 /* STHTTPRequest+STTwitter.h */,
				18F63FA81FF20E4700585C97 /* STHTTPRequest+STTwitter.m */,
				18F63FA91FF20E4700585C97 /* STTwitter.h */,
				18F63FAA1FF20E4700585C97 /* STTwitterAPI.h */,
				18F63FAB1FF20E4700585C97 /* STTwitterAPI.m */,
				18F63FAC1FF20E4700585C97 /* STTwitterAppOnly.h */,
				18F63FAD1FF20E4700585C97 /* STTwitterAppOnly.m */,
				18F63FAE1FF20E4700585C97 /* STTwitterHTML.h */,
				18F63FAF1FF20E4700585C97 /* STTwitterHTML.m */,
				18F63FB01FF20E4700585C97 /* STTwitterOAuth.h */,
				18F63FB11FF20E4700585C97 /* STTwitterOAuth.m */,
				18F63FB21FF20E4700585C97 /* STTwitterOS.h */,
				18F63FB31FF20E4700585C97 /* STTwitterOS.m */,
				18F63FB41FF20E4700585C97 /* STTwitterOSRequest.h */,
				18F63FB51FF20E4700585C97 /* STTwitterOSRequest.m */,
				18F63FB61FF20E4700585C97 /* STTwitterProtocol.h */,
				18F63FB71FF20E4700585C97 /* STTwitterRequestProtocol.h */,
				18F63FB81FF20E4700585C97 /* STTwitterStreamParser.h */,
				18F63FB91FF20E4700585C97 /* STTwitterStreamParser.m */,
				18F63FBA1FF20E4700585C97 /* Vendor */,
			);
			path = STTwitter;
			sourceTree = "<group>";
		};
		18F63FBA1FF20E4700585C97 /* Vendor */ = {
			isa = PBXGroup;
			children = (
				18F63FBB1FF20E4700585C97 /* BAVPlistNode.h */,
				18F63FBC1FF20E4700585C97 /* BAVPlistNode.m */,
				18F63FBD1FF20E4700585C97 /* JSONSyntaxHighlight.h */,
				18F63FBE1FF20E4700585C97 /* JSONSyntaxHighlight.m */,
				18F63FBF1FF20E4700585C97 /* STHTTPRequest.h */,
				18F63FC01FF20E4700585C97 /* STHTTPRequest.m */,
			);
			path = Vendor;
			sourceTree = "<group>";
		};
/* End PBXGroup section */

/* Begin PBXNativeTarget section */
		18EEDB211FF13C37003158EE /* TwitterTest */ = {
			isa = PBXNativeTarget;
			buildConfigurationList = 18EEDB391FF13C37003158EE /* Build configuration list for PBXNativeTarget "TwitterTest" */;
			buildPhases = (
				18EEDB1E1FF13C37003158EE /* Sources */,
				18EEDB1F1FF13C37003158EE /* Frameworks */,
				18EEDB201FF13C37003158EE /* Resources */,
			);
			buildRules = (
			);
			dependencies = (
			);
			name = TwitterTest;
			productName = TwitterTest;
			productReference = 18EEDB221FF13C37003158EE /* TwitterTest.app */;
			productType = "com.apple.product-type.application";
		};
/* End PBXNativeTarget section */

/* Begin PBXProject section */
		18EEDB1A1FF13C37003158EE /* Project object */ = {
			isa = PBXProject;
			attributes = {
				LastUpgradeCheck = 0820;
				ORGANIZATIONNAME = "KONSTATIN MAXIMOV";
				TargetAttributes = {
					18EEDB211FF13C37003158EE = {
						CreatedOnToolsVersion = 8.2.1;
						DevelopmentTeam = M5ZDDZHX63;
						ProvisioningStyle = Automatic;
					};
				};
			};
			buildConfigurationList = 18EEDB1D1FF13C37003158EE /* Build configuration list for PBXProject "TwitterTest" */;
			compatibilityVersion = "Xcode 3.2";
			developmentRegion = English;
			hasScannedForEncodings = 0;
			knownRegions = (
				en,
				Base,
			);
			mainGroup = 18EEDB191FF13C37003158EE;
			productRefGroup = 18EEDB231FF13C37003158EE /* Products */;
			projectDirPath = "";
			projectRoot = "";
			targets = (
				18EEDB211FF13C37003158EE /* TwitterTest */,
			);
		};
/* End PBXProject section */

/* Begin PBXResourcesBuildPhase section */
		18EEDB201FF13C37003158EE /* Resources */ = {
			isa = PBXResourcesBuildPhase;
			buildActionMask = 2147483647;
			files = (
				18EEDB351FF13C37003158EE /* LaunchScreen.storyboard in Resources */,
				18EEDB321FF13C37003158EE /* Assets.xcassets in Resources */,
				18EEDB301FF13C37003158EE /* Main.storyboard in Resources */,
			);
			runOnlyForDeploymentPostprocessing = 0;
		};
/* End PBXResourcesBuildPhase section */

/* Begin PBXSourcesBuildPhase section */
		18EEDB1E1FF13C37003158EE /* Sources */ = {
			isa = PBXSourcesBuildPhase;
			buildActionMask = 2147483647;
			files = (
				18F63FC91FF20E4700585C97 /* STTwitterOS.m in Sources */,
				18F63FC31FF20E4700585C97 /* NSString+STTwitter.m in Sources */,
				18F63FC21FF20E4700585C97 /* NSError+STTwitter.m in Sources */,
				18EEDB2D1FF13C37003158EE /* ViewController.m in Sources */,
				18EEDB2A1FF13C37003158EE /* AppDelegate.m in Sources */,
				18F63FCE1FF20E4700585C97 /* STHTTPRequest.m in Sources */,
				18F63FC11FF20E4700585C97 /* NSDateFormatter+STTwitter.m in Sources */,
				18F63FCC1FF20E4700585C97 /* BAVPlistNode.m in Sources */,
				18F63FE91FF25AFA00585C97 /* WebViewVC.m in Sources */,
				18F63FC51FF20E4700585C97 /* STTwitterAPI.m in Sources */,
				18F63FC41FF20E4700585C97 /* STHTTPRequest+STTwitter.m in Sources */,
				18F63FCD1FF20E4700585C97 /* JSONSyntaxHighlight.m in Sources */,
				18F63FC71FF20E4700585C97 /* STTwitterHTML.m in Sources */,
				18F63FCB1FF20E4700585C97 /* STTwitterStreamParser.m in Sources */,
				18F63FC61FF20E4700585C97 /* STTwitterAppOnly.m in Sources */,
				18F63FCA1FF20E4700585C97 /* STTwitterOSRequest.m in Sources */,
				18F63FC81FF20E4700585C97 /* STTwitterOAuth.m in Sources */,
				18EEDB271FF13C37003158EE /* main.m in Sources */,
			);
			runOnlyForDeploymentPostprocessing = 0;
		};
/* End PBXSourcesBuildPhase section */

/* Begin PBXVariantGroup section */
		18EEDB2E1FF13C37003158EE /* Main.storyboard */ = {
			isa = PBXVariantGroup;
			children = (
				18EEDB2F1FF13C37003158EE /* Base */,
			);
			name = Main.storyboard;
			sourceTree = "<group>";
		};
		18EEDB331FF13C37003158EE /* LaunchScreen.storyboard */ = {
			isa = PBXVariantGroup;
			children = (
				18EEDB341FF13C37003158EE /* Base */,
			);
			name = LaunchScreen.storyboard;
			sourceTree = "<group>";
		};
/* End PBXVariantGroup section */

/* Begin XCBuildConfiguration section */
		18EEDB371FF13C37003158EE /* Debug */ = {
			isa = XCBuildConfiguration;
			buildSettings = {
				ALWAYS_SEARCH_USER_PATHS = NO;
				CLANG_ANALYZER_NONNULL = YES;
				CLANG_CXX_LANGUAGE_STANDARD = "gnu++0x";
				CLANG_CXX_LIBRARY = "libc++";
				CLANG_ENABLE_MODULES = YES;
				CLANG_ENABLE_OBJC_ARC = YES;
				CLANG_WARN_BOOL_CONVERSION = YES;
				CLANG_WARN_CONSTANT_CONVERSION = YES;
				CLANG_WARN_DIRECT_OBJC_ISA_USAGE = YES_ERROR;
				CLANG_WARN_DOCUMENTATION_COMMENTS = YES;
				CLANG_WARN_EMPTY_BODY = YES;
				CLANG_WARN_ENUM_CONVERSION = YES;
				CLANG_WARN_INFINITE_RECURSION = YES;
				CLANG_WARN_INT_CONVERSION = YES;
				CLANG_WARN_OBJC_ROOT_CLASS = YES_ERROR;
				CLANG_WARN_SUSPICIOUS_MOVE = YES;
				CLANG_WARN_UNREACHABLE_CODE = YES;
				CLANG_WARN__DUPLICATE_METHOD_MATCH = YES;
				"CODE_SIGN_IDENTITY[sdk=iphoneos*]" = "iPhone Developer";
				COPY_PHASE_STRIP = NO;
				DEBUG_INFORMATION_FORMAT = dwarf;
				ENABLE_STRICT_OBJC_MSGSEND = YES;
				ENABLE_TESTABILITY = YES;
				GCC_C_LANGUAGE_STANDARD = gnu99;
				GCC_DYNAMIC_NO_PIC = NO;
				GCC_NO_COMMON_BLOCKS = YES;
				GCC_OPTIMIZATION_LEVEL = 0;
				GCC_PREPROCESSOR_DEFINITIONS = (
					"DEBUG=1",
					"$(inherited)",
				);
				GCC_WARN_64_TO_32_BIT_CONVERSION = YES;
				GCC_WARN_ABOUT_RETURN_TYPE = YES_ERROR;
				GCC_WARN_UNDECLARED_SELECTOR = YES;
				GCC_WARN_UNINITIALIZED_AUTOS = YES_AGGRESSIVE;
				GCC_WARN_UNUSED_FUNCTION = YES;
				GCC_WARN_UNUSED_VARIABLE = YES;
				IPHONEOS_DEPLOYMENT_TARGET = 10.2;
				MTL_ENABLE_DEBUG_INFO = YES;
				ONLY_ACTIVE_ARCH = YES;
				SDKROOT = iphoneos;
				TARGETED_DEVICE_FAMILY = "1,2";
			};
			name = Debug;
		};
		18EEDB381FF13C37003158EE /* Release */ = {
			isa = XCBuildConfiguration;
			buildSettings = {
				ALWAYS_SEARCH_USER_PATHS = NO;
				CLANG_ANALYZER_NONNULL = YES;
				CLANG_CXX_LANGUAGE_STANDARD = "gnu++0x";
				CLANG_CXX_LIBRARY = "libc++";
				CLANG_ENABLE_MODULES = YES;
				CLANG_ENABLE_OBJC_ARC = YES;
				CLANG_WARN_BOOL_CONVERSION = YES;
				CLANG_WARN_CONSTANT_CONVERSION = YES;
				CLANG_WARN_DIRECT_OBJC_ISA_USAGE = YES_ERROR;
				CLANG_WARN_DOCUMENTATION_COMMENTS = YES;
				CLANG_WARN_EMPTY_BODY = YES;
				CLANG_WARN_ENUM_CONVERSION = YES;
				CLANG_WARN_INFINITE_RECURSION = YES;
				CLANG_WARN_INT_CONVERSION = YES;
				CLANG_WARN_OBJC_ROOT_CLASS = YES_ERROR;
				CLANG_WARN_SUSPICIOUS_MOVE = YES;
				CLANG_WARN_UNREACHABLE_CODE = YES;
				CLANG_WARN__DUPLICATE_METHOD_MATCH = YES;
				"CODE_SIGN_IDENTITY[sdk=iphoneos*]" = "iPhone Developer";
				COPY_PHASE_STRIP = NO;
				DEBUG_INFORMATION_FORMAT = "dwarf-with-dsym";
				ENABLE_NS_ASSERTIONS = NO;
				ENABLE_STRICT_OBJC_MSGSEND = YES;
				GCC_C_LANGUAGE_STANDARD = gnu99;
				GCC_NO_COMMON_BLOCKS = YES;
				GCC_WARN_64_TO_32_BIT_CONVERSION = YES;
				GCC_WARN_ABOUT_RETURN_TYPE = YES_ERROR;
				GCC_WARN_UNDECLARED_SELECTOR = YES;
				GCC_WARN_UNINITIALIZED_AUTOS = YES_AGGRESSIVE;
				GCC_WARN_UNUSED_FUNCTION = YES;
				GCC_WARN_UNUSED_VARIABLE = YES;
				IPHONEOS_DEPLOYMENT_TARGET = 10.2;
				MTL_ENABLE_DEBUG_INFO = NO;
				SDKROOT = iphoneos;
				TARGETED_DEVICE_FAMILY = "1,2";
				VALIDATE_PRODUCT = YES;
			};
			name = Release;
		};
		18EEDB3A1FF13C37003158EE /* Debug */ = {
			isa = XCBuildConfiguration;
			buildSettings = {
				ASSETCATALOG_COMPILER_APPICON_NAME = AppIcon;
				DEVELOPMENT_TEAM = M5ZDDZHX63;
				FRAMEWORK_SEARCH_PATHS = (
					"$(inherited)",
					"$(PROJECT_DIR)",
				);
				INFOPLIST_FILE = TwitterTest/Info.plist;
				LD_RUNPATH_SEARCH_PATHS = "$(inherited) @executable_path/Frameworks";
				PRODUCT_BUNDLE_IDENTIFIER = IphoneApp.TwitterTest;
				PRODUCT_NAME = "$(TARGET_NAME)";
			};
			name = Debug;
		};
		18EEDB3B1FF13C37003158EE /* Release */ = {
			isa = XCBuildConfiguration;
			buildSettings = {
				ASSETCATALOG_COMPILER_APPICON_NAME = AppIcon;
				DEVELOPMENT_TEAM = M5ZDDZHX63;
				FRAMEWORK_SEARCH_PATHS = (
					"$(inherited)",
					"$(PROJECT_DIR)",
				);
				INFOPLIST_FILE = TwitterTest/Info.plist;
				LD_RUNPATH_SEARCH_PATHS = "$(inherited) @executable_path/Frameworks";
				PRODUCT_BUNDLE_IDENTIFIER = IphoneApp.TwitterTest;
				PRODUCT_NAME = "$(TARGET_NAME)";
			};
			name = Release;
		};
/* End XCBuildConfiguration section */

/* Begin XCConfigurationList section */
		18EEDB1D1FF13C37003158EE /* Build configuration list for PBXProject "TwitterTest" */ = {
			isa = XCConfigurationList;
			buildConfigurations = (
				18EEDB371FF13C37003158EE /* Debug */,
				18EEDB381FF13C37003158EE /* Release */,
			);
			defaultConfigurationIsVisible = 0;
			defaultConfigurationName = Release;
		};
		18EEDB391FF13C37003158EE /* Build configuration list for PBXNativeTarget "TwitterTest" */ = {
			isa = XCConfigurationList;
			buildConfigurations = (
				18EEDB3A1FF13C37003158EE /* Debug */,
				18EEDB3B1FF13C37003158EE /* Release */,
			);
			defaultConfigurationIsVisible = 0;
			defaultConfigurationName = Release;
		};
/* End XCConfigurationList section */
	};
	rootObject = 18EEDB1A1FF13C37003158EE /* Project object */;
}
